
Microsoft Visual Studio Solution File, Format Version 12.00
# Visual Studio Version 17
VisualStudioVersion = 17.6.33815.320
MinimumVisualStudioVersion = 10.0.40219.1
Project("{FAE04EC0-301F-11D3-BF4B-00C04F79EFBC}") = "JokesWebApp", "JokesWebApp\JokesWebApp.csproj", "{AEA93CF0-3166-47E1-B8E9-4FF7609E7FEC}"
EndProject
Global
	GlobalSection(SolutionConfigurationPlatforms) = preSolution
		Debug|Any CPU = Debug|Any CPU
		Release|Any CPU = Release|Any CPU
	EndGlobalSection
	GlobalSection(ProjectConfigurationPlatforms) = postSolution
		{AEA93CF0-3166-47E1-B8E9-4FF7609E7FEC}.Debug|Any CPU.ActiveCfg = Debug|Any CPU
		{AEA93CF0-3166-47E1-B8E9-4FF7609E7FEC}.Debug|Any CPU.Build.0 = Debug|Any CPU
		{AEA93CF0-3166-47E1-B8E9-4FF7609E7FEC}.Release|Any CPU.ActiveCfg = Release|Any CPU
		{AEA93CF0-3166-47E1-B8E9-4FF7609E7FEC}.Release|Any CPU.Build.0 = Release|Any CPU
	EndGlobalSection
	GlobalSection(SolutionProperties) = preSolution
		HideSolutionNode = FALSE
	EndGlobalSection
	GlobalSection(ExtensibilityGlobals) = postSolution
		SolutionGuid = {3ACC8A3E-1CA2-4785-9081-74B0F7D635C1}
	EndGlobalSection
EndGlobal
